
Microsoft Visual Studio Solution File, Format Version 12.00
Project("{FAE04EC0-301F-11D3-BF4B-00C04F79EFBC}") = "CodeEditor.MCP", "CodeEditor.MCP\CodeEditor.MCP.csproj", "{4255E6A8-7D4B-46D6-B532-055012E2F48A}"
EndProject
Project("{FAE04EC0-301F-11D3-BF4B-00C04F79EFBC}") = "CodeEditor.MCP.Tests", "CodeEditor.MCP.Tests\CodeEditor.MCP.Tests.csproj", "{E0929FE7-4A6A-429E-A730-7BAD3976BE54}"
EndProject
Global
	GlobalSection(SolutionConfigurationPlatforms) = preSolution
		Debug|Any CPU = Debug|Any CPU
		Release|Any CPU = Release|Any CPU
	EndGlobalSection
	GlobalSection(ProjectConfigurationPlatforms) = postSolution
		{4255E6A8-7D4B-46D6-B532-055012E2F48A}.Debug|Any CPU.ActiveCfg = Debug|Any CPU
		{4255E6A8-7D4B-46D6-B532-055012E2F48A}.Debug|Any CPU.Build.0 = Debug|Any CPU
		{4255E6A8-7D4B-46D6-B532-055012E2F48A}.Release|Any CPU.ActiveCfg = Release|Any CPU
		{4255E6A8-7D4B-46D6-B532-055012E2F48A}.Release|Any CPU.Build.0 = Release|Any CPU
		{E0929FE7-4A6A-429E-A730-7BAD3976BE54}.Debug|Any CPU.ActiveCfg = Debug|Any CPU
		{E0929FE7-4A6A-429E-A730-7BAD3976BE54}.Debug|Any CPU.Build.0 = Debug|Any CPU
		{E0929FE7-4A6A-429E-A730-7BAD3976BE54}.Release|Any CPU.ActiveCfg = Release|Any CPU
		{E0929FE7-4A6A-429E-A730-7BAD3976BE54}.Release|Any CPU.Build.0 = Release|Any CPU
	EndGlobalSection
EndGlobal
